
Microsoft Visual Studio Solution File, Format Version 12.00
# Visual Studio Version 16
VisualStudioVersion = 16.0.31205.134
MinimumVisualStudioVersion = 10.0.40219.1
Project("{9A19103F-16F7-4668-BE54-9A1E7A4F7556}") = "TravelerAppCore", "TravelerAppCore\TravelerAppCore.csproj", "{AB215791-AE78-433C-904C-167EAE354CD9}"
EndProject
Project("{9A19103F-16F7-4668-BE54-9A1E7A4F7556}") = "TravelerAppConsole", "TravelerConsole\TravelerAppConsole.csproj", "{AD654E7D-FA15-488B-A907-3C137C93D95F}"
EndProject
Global
	GlobalSection(SolutionConfigurationPlatforms) = preSolution
		Debug|Any CPU = Debug|Any CPU
		Release|Any CPU = Release|Any CPU
	EndGlobalSection
	GlobalSection(ProjectConfigurationPlatforms) = postSolution
		{AB215791-AE78-433C-904C-167EAE354CD9}.Debug|Any CPU.ActiveCfg = Debug|Any CPU
		{AB215791-AE78-433C-904C-167EAE354CD9}.Debug|Any CPU.Build.0 = Debug|Any CPU
		{AB215791-AE78-433C-904C-167EAE354CD9}.Release|Any CPU.ActiveCfg = Release|Any CPU
		{AB215791-AE78-433C-904C-167EAE354CD9}.Release|Any CPU.Build.0 = Release|Any CPU
		{AD654E7D-FA15-488B-A907-3C137C93D95F}.Debug|Any CPU.ActiveCfg = Debug|Any CPU
		{AD654E7D-FA15-488B-A907-3C137C93D95F}.Debug|Any CPU.Build.0 = Debug|Any CPU
		{AD654E7D-FA15-488B-A907-3C137C93D95F}.Release|Any CPU.ActiveCfg = Release|Any CPU
		{AD654E7D-FA15-488B-A907-3C137C93D95F}.Release|Any CPU.Build.0 = Release|Any CPU
	EndGlobalSection
	GlobalSection(SolutionProperties) = preSolution
		HideSolutionNode = FALSE
	EndGlobalSection
	GlobalSection(ExtensibilityGlobals) = postSolution
		SolutionGuid = {9E7F3CA6-7500-49B3-A9F2-10D1E372EA7F}
	EndGlobalSection
EndGlobal
