
Microsoft Visual Studio Solution File, Format Version 12.00
# Visual Studio Version 16
VisualStudioVersion = 16.0.31205.134
MinimumVisualStudioVersion = 10.0.40219.1
Project("{9A19103F-16F7-4668-BE54-9A1E7A4F7556}") = "TravelerAppConsole", "TravelerFacebookConsole\TravelerAppConsole.csproj", "{D90D6E7B-ADDA-4840-A53E-99D3454CB64A}"
EndProject
Project("{FAE04EC0-301F-11D3-BF4B-00C04F79EFBC}") = "TravelerAppCore", "TravelerAppCore\TravelerAppCore.csproj", "{AB215791-AE78-433C-904C-167EAE354CD9}"
EndProject
Global
	GlobalSection(SolutionConfigurationPlatforms) = preSolution
		Debug|Any CPU = Debug|Any CPU
		Release|Any CPU = Release|Any CPU
	EndGlobalSection
	GlobalSection(ProjectConfigurationPlatforms) = postSolution
		{D90D6E7B-ADDA-4840-A53E-99D3454CB64A}.Debug|Any CPU.ActiveCfg = Debug|Any CPU
		{D90D6E7B-ADDA-4840-A53E-99D3454CB64A}.Debug|Any CPU.Build.0 = Debug|Any CPU
		{D90D6E7B-ADDA-4840-A53E-99D3454CB64A}.Release|Any CPU.ActiveCfg = Release|Any CPU
		{D90D6E7B-ADDA-4840-A53E-99D3454CB64A}.Release|Any CPU.Build.0 = Release|Any CPU
		{AB215791-AE78-433C-904C-167EAE354CD9}.Debug|Any CPU.ActiveCfg = Debug|Any CPU
		{AB215791-AE78-433C-904C-167EAE354CD9}.Debug|Any CPU.Build.0 = Debug|Any CPU
		{AB215791-AE78-433C-904C-167EAE354CD9}.Release|Any CPU.ActiveCfg = Release|Any CPU
		{AB215791-AE78-433C-904C-167EAE354CD9}.Release|Any CPU.Build.0 = Release|Any CPU
	EndGlobalSection
	GlobalSection(SolutionProperties) = preSolution
		HideSolutionNode = FALSE
	EndGlobalSection
	GlobalSection(ExtensibilityGlobals) = postSolution
		SolutionGuid = {9E7F3CA6-7500-49B3-A9F2-10D1E372EA7F}
	EndGlobalSection
EndGlobal
